// !$*UTF8*$!
{
	archiveVersion = 1;
	classes = {
	};
	objectVersion = 51;
	objects = {

/* Begin PBXBuildFile section */
		10922157054E58D2595F4C55 /* Pods_Find_Love.framework in Frameworks */ = {isa = PBXBuildFile; fileRef = BD710EB921D70B94626E4CDB /* Pods_Find_Love.framework */; };
		AD02EB2823B793BB00F472A5 /* ChatMessageCell.swift in Sources */ = {isa = PBXBuildFile; fileRef = AD02EB2723B793BB00F472A5 /* ChatMessageCell.swift */; };
		AD02EB3123B7FDB500F472A5 /* NewMessageVC.swift in Sources */ = {isa = PBXBuildFile; fileRef = AD02EB2F23B7FDB500F472A5 /* NewMessageVC.swift */; };
		AD09E33D23D7647D00AAC162 /* GoogleService-Info.plist in Resources */ = {isa = PBXBuildFile; fileRef = AD09E33C23D7647D00AAC162 /* GoogleService-Info.plist */; };
		AD26946323B4FD2C00D49887 /* MessengerVC.swift in Sources */ = {isa = PBXBuildFile; fileRef = AD26946223B4FD2C00D49887 /* MessengerVC.swift */; };
		AD26946523B4FF8100D49887 /* User.swift in Sources */ = {isa = PBXBuildFile; fileRef = AD26946423B4FF8100D49887 /* User.swift */; };
		AD26946723B538A500D49887 /* Message.swift in Sources */ = {isa = PBXBuildFile; fileRef = AD26946623B538A500D49887 /* Message.swift */; };
		AD26946923B5393B00D49887 /* Extension.swift in Sources */ = {isa = PBXBuildFile; fileRef = AD26946823B5393B00D49887 /* Extension.swift */; };
		AD26946C23B6019200D49887 /* UserCell.swift in Sources */ = {isa = PBXBuildFile; fileRef = AD26946A23B6019200D49887 /* UserCell.swift */; };
		AD26946D23B6019200D49887 /* UserCell.xib in Resources */ = {isa = PBXBuildFile; fileRef = AD26946B23B6019200D49887 /* UserCell.xib */; };
		AD26947323B67B8A00D49887 /* ChatLogVC.swift in Sources */ = {isa = PBXBuildFile; fileRef = AD26947223B67B8A00D49887 /* ChatLogVC.swift */; };
		AD26BE8C23C0CB2500EF1418 /* NewFeedPostVC.swift in Sources */ = {isa = PBXBuildFile; fileRef = AD26BE8B23C0CB2500EF1418 /* NewFeedPostVC.swift */; };
		AD26BE8E23C0D47700EF1418 /* Post.swift in Sources */ = {isa = PBXBuildFile; fileRef = AD26BE8D23C0D47700EF1418 /* Post.swift */; };
		AD293CAD23BC1D530091808F /* Assets.xcassets in Resources */ = {isa = PBXBuildFile; fileRef = AD293CAC23BC1D530091808F /* Assets.xcassets */; };
		AD46C9E923D9E22400FC7002 /* ChatCell.swift in Sources */ = {isa = PBXBuildFile; fileRef = AD46C9E823D9E22400FC7002 /* ChatCell.swift */; };
		AD5A563423BFBFCD0032AB2A /* FeedVC.swift in Sources */ = {isa = PBXBuildFile; fileRef = AD5A563223BFBFCC0032AB2A /* FeedVC.swift */; };
		AD5A563923BFC15A0032AB2A /* SearchVC.swift in Sources */ = {isa = PBXBuildFile; fileRef = AD5A563723BFC15A0032AB2A /* SearchVC.swift */; };
		AD5A563E23BFEB750032AB2A /* FeedCell.swift in Sources */ = {isa = PBXBuildFile; fileRef = AD5A563C23BFEB750032AB2A /* FeedCell.swift */; };
		AD5A563F23BFEB750032AB2A /* FeedCell.xib in Resources */ = {isa = PBXBuildFile; fileRef = AD5A563D23BFEB750032AB2A /* FeedCell.xib */; };
		AD79AC0E23CDEC2C00FA7D09 /* GameVC.swift in Sources */ = {isa = PBXBuildFile; fileRef = AD79AC0D23CDEC2C00FA7D09 /* GameVC.swift */; };
		AD8895C323B2122D00347A6A /* AppDelegate.swift in Sources */ = {isa = PBXBuildFile; fileRef = AD8895C223B2122D00347A6A /* AppDelegate.swift */; };
		AD8895CD23B2122F00347A6A /* LaunchScreen.storyboard in Resources */ = {isa = PBXBuildFile; fileRef = AD8895CB23B2122F00347A6A /* LaunchScreen.storyboard */; };
		AD8895D623B2128C00347A6A /* HelloVC.swift in Sources */ = {isa = PBXBuildFile; fileRef = AD8895D423B2128C00347A6A /* HelloVC.swift */; };
		AD8895D723B2128C00347A6A /* HelloVC.xib in Resources */ = {isa = PBXBuildFile; fileRef = AD8895D523B2128C00347A6A /* HelloVC.xib */; };
		AD8895DD23B2162C00347A6A /* RegistrationVC.swift in Sources */ = {isa = PBXBuildFile; fileRef = AD8895DB23B2162C00347A6A /* RegistrationVC.swift */; };
		AD8895DE23B2162C00347A6A /* RegistrationVC.xib in Resources */ = {isa = PBXBuildFile; fileRef = AD8895DC23B2162C00347A6A /* RegistrationVC.xib */; };
		AD8895E223B21F5300347A6A /* SingInVC.swift in Sources */ = {isa = PBXBuildFile; fileRef = AD8895E023B21F5300347A6A /* SingInVC.swift */; };
		AD8895E323B21F5300347A6A /* SingInVC.xib in Resources */ = {isa = PBXBuildFile; fileRef = AD8895E123B21F5300347A6A /* SingInVC.xib */; };
		AD8895E923B293BE00347A6A /* MenuVC.swift in Sources */ = {isa = PBXBuildFile; fileRef = AD8895E723B293BE00347A6A /* MenuVC.swift */; };
		AD98E3D423C729B9003A6DA8 /* Main.storyboard in Resources */ = {isa = PBXBuildFile; fileRef = AD98E3D323C729B9003A6DA8 /* Main.storyboard */; };
		ADB8079223D05B1300847897 /* OpenFeedPost.swift in Sources */ = {isa = PBXBuildFile; fileRef = ADB8079123D05B1300847897 /* OpenFeedPost.swift */; };
		ADB8079423D05B2100847897 /* OpenFeedPost.xib in Resources */ = {isa = PBXBuildFile; fileRef = ADB8079323D05B2100847897 /* OpenFeedPost.xib */; };
		ADB8079A23D19DC600847897 /* ReplyToFeedPostVC.swift in Sources */ = {isa = PBXBuildFile; fileRef = ADB8079923D19DC600847897 /* ReplyToFeedPostVC.swift */; };
		ADB8079D23D1AE1200847897 /* SendMessageView.swift in Sources */ = {isa = PBXBuildFile; fileRef = ADB8079C23D1AE1200847897 /* SendMessageView.swift */; };
		ADB8079F23D1AE1F00847897 /* SendMessageView.xib in Resources */ = {isa = PBXBuildFile; fileRef = ADB8079E23D1AE1F00847897 /* SendMessageView.xib */; };
		ADB8DECF23CA1A15008D989E /* MessagesVC.swift in Sources */ = {isa = PBXBuildFile; fileRef = ADB8DECE23CA1A15008D989E /* MessagesVC.swift */; };
		ADB8DED123CA1A27008D989E /* ChatVC.swift in Sources */ = {isa = PBXBuildFile; fileRef = ADB8DED023CA1A27008D989E /* ChatVC.swift */; };
		ADB8DED423CB9959008D989E /* SelectChatCell.swift in Sources */ = {isa = PBXBuildFile; fileRef = ADB8DED223CB9959008D989E /* SelectChatCell.swift */; };
		ADB8DED523CB9959008D989E /* SelectChatCell.xib in Resources */ = {isa = PBXBuildFile; fileRef = ADB8DED323CB9959008D989E /* SelectChatCell.xib */; };
		ADB8DED823CC7D11008D989E /* Group.swift in Sources */ = {isa = PBXBuildFile; fileRef = ADB8DED723CC7D11008D989E /* Group.swift */; };
		ADB8DEDA23CCCBD0008D989E /* ChatWriteMessageVC.swift in Sources */ = {isa = PBXBuildFile; fileRef = ADB8DED923CCCBD0008D989E /* ChatWriteMessageVC.swift */; };
		ADBA195623C2A41C009B45EC /* ExtensionUIView.swift in Sources */ = {isa = PBXBuildFile; fileRef = ADBA195523C2A41C009B45EC /* ExtensionUIView.swift */; };
		ADBA195B23C371E6009B45EC /* ReviewCVCell.swift in Sources */ = {isa = PBXBuildFile; fileRef = ADBA195923C371E6009B45EC /* ReviewCVCell.swift */; };
		ADBA195C23C371E6009B45EC /* ReviewCVCell.xib in Resources */ = {isa = PBXBuildFile; fileRef = ADBA195A23C371E6009B45EC /* ReviewCVCell.xib */; };
/* End PBXBuildFile section */

/* Begin PBXFileReference section */
		09A7F9FC8CF0F1991ED38035 /* Pods-Find Love.debug.xcconfig */ = {isa = PBXFileReference; includeInIndex = 1; lastKnownFileType = text.xcconfig; name = "Pods-Find Love.debug.xcconfig"; path = "Target Support Files/Pods-Find Love/Pods-Find Love.debug.xcconfig"; sourceTree = "<group>"; };
		AD02EB2723B793BB00F472A5 /* ChatMessageCell.swift */ = {isa = PBXFileReference; lastKnownFileType = sourcecode.swift; path = ChatMessageCell.swift; sourceTree = "<group>"; };
		AD02EB2F23B7FDB500F472A5 /* NewMessageVC.swift */ = {isa = PBXFileReference; lastKnownFileType = sourcecode.swift; path = NewMessageVC.swift; sourceTree = "<group>"; };
		AD09E33B23D7066D00AAC162 /* Find Love.entitlements */ = {isa = PBXFileReference; lastKnownFileType = text.plist.entitlements; path = "Find Love.entitlements"; sourceTree = "<group>"; };
		AD09E33C23D7647D00AAC162 /* GoogleService-Info.plist */ = {isa = PBXFileReference; fileEncoding = 4; lastKnownFileType = text.plist.xml; path = "GoogleService-Info.plist"; sourceTree = "<group>"; };
		AD26946223B4FD2C00D49887 /* MessengerVC.swift */ = {isa = PBXFileReference; lastKnownFileType = sourcecode.swift; path = MessengerVC.swift; sourceTree = "<group>"; };
		AD26946423B4FF8100D49887 /* User.swift */ = {isa = PBXFileReference; lastKnownFileType = sourcecode.swift; path = User.swift; sourceTree = "<group>"; };
		AD26946623B538A500D49887 /* Message.swift */ = {isa = PBXFileReference; lastKnownFileType = sourcecode.swift; path = Message.swift; sourceTree = "<group>"; };
		AD26946823B5393B00D49887 /* Extension.swift */ = {isa = PBXFileReference; lastKnownFileType = sourcecode.swift; path = Extension.swift; sourceTree = "<group>"; };
		AD26946A23B6019200D49887 /* UserCell.swift */ = {isa = PBXFileReference; lastKnownFileType = sourcecode.swift; path = UserCell.swift; sourceTree = "<group>"; };
		AD26946B23B6019200D49887 /* UserCell.xib */ = {isa = PBXFileReference; lastKnownFileType = file.xib; path = UserCell.xib; sourceTree = "<group>"; };
		AD26947223B67B8A00D49887 /* ChatLogVC.swift */ = {isa = PBXFileReference; lastKnownFileType = sourcecode.swift; path = ChatLogVC.swift; sourceTree = "<group>"; };
		AD26BE8B23C0CB2500EF1418 /* NewFeedPostVC.swift */ = {isa = PBXFileReference; lastKnownFileType = sourcecode.swift; path = NewFeedPostVC.swift; sourceTree = "<group>"; };
		AD26BE8D23C0D47700EF1418 /* Post.swift */ = {isa = PBXFileReference; lastKnownFileType = sourcecode.swift; path = Post.swift; sourceTree = "<group>"; };
		AD293CAC23BC1D530091808F /* Assets.xcassets */ = {isa = PBXFileReference; lastKnownFileType = folder.assetcatalog; path = Assets.xcassets; sourceTree = "<group>"; };
		AD46C9E823D9E22400FC7002 /* ChatCell.swift */ = {isa = PBXFileReference; lastKnownFileType = sourcecode.swift; path = ChatCell.swift; sourceTree = "<group>"; };
		AD5A563223BFBFCC0032AB2A /* FeedVC.swift */ = {isa = PBXFileReference; lastKnownFileType = sourcecode.swift; path = FeedVC.swift; sourceTree = "<group>"; };
		AD5A563723BFC15A0032AB2A /* SearchVC.swift */ = {isa = PBXFileReference; lastKnownFileType = sourcecode.swift; path = SearchVC.swift; sourceTree = "<group>"; };
		AD5A563C23BFEB750032AB2A /* FeedCell.swift */ = {isa = PBXFileReference; lastKnownFileType = sourcecode.swift; path = FeedCell.swift; sourceTree = "<group>"; };
		AD5A563D23BFEB750032AB2A /* FeedCell.xib */ = {isa = PBXFileReference; lastKnownFileType = file.xib; path = FeedCell.xib; sourceTree = "<group>"; };
		AD79AC0D23CDEC2C00FA7D09 /* GameVC.swift */ = {isa = PBXFileReference; lastKnownFileType = sourcecode.swift; path = GameVC.swift; sourceTree = "<group>"; };
		AD8895BF23B2122D00347A6A /* Find Love.app */ = {isa = PBXFileReference; explicitFileType = wrapper.application; includeInIndex = 0; path = "Find Love.app"; sourceTree = BUILT_PRODUCTS_DIR; };
		AD8895C223B2122D00347A6A /* AppDelegate.swift */ = {isa = PBXFileReference; lastKnownFileType = sourcecode.swift; path = AppDelegate.swift; sourceTree = "<group>"; };
		AD8895CC23B2122F00347A6A /* Base */ = {isa = PBXFileReference; lastKnownFileType = file.storyboard; name = Base; path = Base.lproj/LaunchScreen.storyboard; sourceTree = "<group>"; };
		AD8895CE23B2122F00347A6A /* Info.plist */ = {isa = PBXFileReference; lastKnownFileType = text.plist.xml; path = Info.plist; sourceTree = "<group>"; };
		AD8895D423B2128C00347A6A /* HelloVC.swift */ = {isa = PBXFileReference; lastKnownFileType = sourcecode.swift; path = HelloVC.swift; sourceTree = "<group>"; };
		AD8895D523B2128C00347A6A /* HelloVC.xib */ = {isa = PBXFileReference; lastKnownFileType = file.xib; path = HelloVC.xib; sourceTree = "<group>"; };
		AD8895DB23B2162C00347A6A /* RegistrationVC.swift */ = {isa = PBXFileReference; lastKnownFileType = sourcecode.swift; path = RegistrationVC.swift; sourceTree = "<group>"; };
		AD8895DC23B2162C00347A6A /* RegistrationVC.xib */ = {isa = PBXFileReference; lastKnownFileType = file.xib; path = RegistrationVC.xib; sourceTree = "<group>"; };
		AD8895E023B21F5300347A6A /* SingInVC.swift */ = {isa = PBXFileReference; lastKnownFileType = sourcecode.swift; path = SingInVC.swift; sourceTree = "<group>"; };
		AD8895E123B21F5300347A6A /* SingInVC.xib */ = {isa = PBXFileReference; lastKnownFileType = file.xib; path = SingInVC.xib; sourceTree = "<group>"; };
		AD8895E723B293BE00347A6A /* MenuVC.swift */ = {isa = PBXFileReference; lastKnownFileType = sourcecode.swift; path = MenuVC.swift; sourceTree = "<group>"; };
		AD98E3D323C729B9003A6DA8 /* Main.storyboard */ = {isa = PBXFileReference; lastKnownFileType = file.storyboard; path = Main.storyboard; sourceTree = "<group>"; };
		ADB8079123D05B1300847897 /* OpenFeedPost.swift */ = {isa = PBXFileReference; lastKnownFileType = sourcecode.swift; path = OpenFeedPost.swift; sourceTree = "<group>"; };
		ADB8079323D05B2100847897 /* OpenFeedPost.xib */ = {isa = PBXFileReference; lastKnownFileType = file.xib; path = OpenFeedPost.xib; sourceTree = "<group>"; };
		ADB8079923D19DC600847897 /* ReplyToFeedPostVC.swift */ = {isa = PBXFileReference; lastKnownFileType = sourcecode.swift; path = ReplyToFeedPostVC.swift; sourceTree = "<group>"; };
		ADB8079C23D1AE1200847897 /* SendMessageView.swift */ = {isa = PBXFileReference; lastKnownFileType = sourcecode.swift; path = SendMessageView.swift; sourceTree = "<group>"; };
		ADB8079E23D1AE1F00847897 /* SendMessageView.xib */ = {isa = PBXFileReference; lastKnownFileType = file.xib; path = SendMessageView.xib; sourceTree = "<group>"; };
		ADB8DECE23CA1A15008D989E /* MessagesVC.swift */ = {isa = PBXFileReference; lastKnownFileType = sourcecode.swift; path = MessagesVC.swift; sourceTree = "<group>"; };
		ADB8DED023CA1A27008D989E /* ChatVC.swift */ = {isa = PBXFileReference; lastKnownFileType = sourcecode.swift; path = ChatVC.swift; sourceTree = "<group>"; };
		ADB8DED223CB9959008D989E /* SelectChatCell.swift */ = {isa = PBXFileReference; lastKnownFileType = sourcecode.swift; path = SelectChatCell.swift; sourceTree = "<group>"; };
		ADB8DED323CB9959008D989E /* SelectChatCell.xib */ = {isa = PBXFileReference; lastKnownFileType = file.xib; path = SelectChatCell.xib; sourceTree = "<group>"; };
		ADB8DED723CC7D11008D989E /* Group.swift */ = {isa = PBXFileReference; lastKnownFileType = sourcecode.swift; path = Group.swift; sourceTree = "<group>"; };
		ADB8DED923CCCBD0008D989E /* ChatWriteMessageVC.swift */ = {isa = PBXFileReference; lastKnownFileType = sourcecode.swift; path = ChatWriteMessageVC.swift; sourceTree = "<group>"; };
		ADBA195523C2A41C009B45EC /* ExtensionUIView.swift */ = {isa = PBXFileReference; lastKnownFileType = sourcecode.swift; path = ExtensionUIView.swift; sourceTree = "<group>"; };
		ADBA195923C371E6009B45EC /* ReviewCVCell.swift */ = {isa = PBXFileReference; lastKnownFileType = sourcecode.swift; path = ReviewCVCell.swift; sourceTree = "<group>"; };
		ADBA195A23C371E6009B45EC /* ReviewCVCell.xib */ = {isa = PBXFileReference; lastKnownFileType = file.xib; path = ReviewCVCell.xib; sourceTree = "<group>"; };
		BD710EB921D70B94626E4CDB /* Pods_Find_Love.framework */ = {isa = PBXFileReference; explicitFileType = wrapper.framework; includeInIndex = 0; path = Pods_Find_Love.framework; sourceTree = BUILT_PRODUCTS_DIR; };
		D462102E429A663397EBDFE0 /* Pods-Find Love.release.xcconfig */ = {isa = PBXFileReference; includeInIndex = 1; lastKnownFileType = text.xcconfig; name = "Pods-Find Love.release.xcconfig"; path = "Target Support Files/Pods-Find Love/Pods-Find Love.release.xcconfig"; sourceTree = "<group>"; };
/* End PBXFileReference section */

/* Begin PBXFrameworksBuildPhase section */
		AD8895BC23B2122D00347A6A /* Frameworks */ = {
			isa = PBXFrameworksBuildPhase;
			buildActionMask = 2147483647;
			files = (
				10922157054E58D2595F4C55 /* Pods_Find_Love.framework in Frameworks */,
			);
			runOnlyForDeploymentPostprocessing = 0;
		};
/* End PBXFrameworksBuildPhase section */

/* Begin PBXGroup section */
		A902548BB5C59C07BDD3DE6E /* Pods */ = {
			isa = PBXGroup;
			children = (
				09A7F9FC8CF0F1991ED38035 /* Pods-Find Love.debug.xcconfig */,
				D462102E429A663397EBDFE0 /* Pods-Find Love.release.xcconfig */,
			);
			path = Pods;
			sourceTree = "<group>";
		};
		AD02EB2923B793C200F472A5 /* ChatMessageCell */ = {
			isa = PBXGroup;
			children = (
				AD02EB2723B793BB00F472A5 /* ChatMessageCell.swift */,
				AD46C9E823D9E22400FC7002 /* ChatCell.swift */,
			);
			path = ChatMessageCell;
			sourceTree = "<group>";
		};
		AD26946E23B6019C00D49887 /* UserCell */ = {
			isa = PBXGroup;
			children = (
				AD26946A23B6019200D49887 /* UserCell.swift */,
				AD26946B23B6019200D49887 /* UserCell.xib */,
			);
			path = UserCell;
			sourceTree = "<group>";
		};
		AD26946F23B6047B00D49887 /* Model */ = {
			isa = PBXGroup;
			children = (
				AD26946423B4FF8100D49887 /* User.swift */,
				AD26BE8D23C0D47700EF1418 /* Post.swift */,
				ADB8DED723CC7D11008D989E /* Group.swift */,
				AD26946623B538A500D49887 /* Message.swift */,
			);
			path = Model;
			sourceTree = "<group>";
		};
		AD26947023B6049100D49887 /* Extensions */ = {
			isa = PBXGroup;
			children = (
				AD26946823B5393B00D49887 /* Extension.swift */,
				ADBA195523C2A41C009B45EC /* ExtensionUIView.swift */,
			);
			path = Extensions;
			sourceTree = "<group>";
		};
		AD26947123B606BA00D49887 /* View */ = {
			isa = PBXGroup;
			children = (
				ADB8079B23D1ADC300847897 /* SendMessageView */,
				ADB8079023D05AE800847897 /* OpenFeedPostView */,
				AD5A563B23BFEB450032AB2A /* FeedCell */,
				AD26946E23B6019C00D49887 /* UserCell */,
				AD02EB2923B793C200F472A5 /* ChatMessageCell */,
				ADBA195D23C49004009B45EC /* ReviewCVCell */,
				ADB8DED623CB9970008D989E /* SelectChatCell */,
			);
			path = View;
			sourceTree = "<group>";
		};
		AD5A563B23BFEB450032AB2A /* FeedCell */ = {
			isa = PBXGroup;
			children = (
				AD5A563C23BFEB750032AB2A /* FeedCell.swift */,
				AD5A563D23BFEB750032AB2A /* FeedCell.xib */,
			);
			path = FeedCell;
			sourceTree = "<group>";
		};
		AD79AC0B23CDEB2600FA7D09 /* StartScreenVC */ = {
			isa = PBXGroup;
			children = (
				AD8895D923B215BD00347A6A /* HelloVC */,
				AD8895DF23B21F1B00347A6A /* SingInVC */,
				AD8895DA23B215E800347A6A /* RegistrationVC */,
			);
			path = StartScreenVC;
			sourceTree = "<group>";
		};
		AD79AC0C23CDEB9B00FA7D09 /* FeedScreenVC */ = {
			isa = PBXGroup;
			children = (
				AD5A563223BFBFCC0032AB2A /* FeedVC.swift */,
				AD26BE8B23C0CB2500EF1418 /* NewFeedPostVC.swift */,
				ADB8079923D19DC600847897 /* ReplyToFeedPostVC.swift */,
			);
			name = FeedScreenVC;
			sourceTree = "<group>";
		};
		AD8895B623B2122D00347A6A = {
			isa = PBXGroup;
			children = (
				AD8895C123B2122D00347A6A /* Find Love */,
				AD8895C023B2122D00347A6A /* Products */,
				A902548BB5C59C07BDD3DE6E /* Pods */,
				D6BAB27F39BA229C9E09A2CF /* Frameworks */,
			);
			sourceTree = "<group>";
		};
		AD8895C023B2122D00347A6A /* Products */ = {
			isa = PBXGroup;
			children = (
				AD8895BF23B2122D00347A6A /* Find Love.app */,
			);
			name = Products;
			sourceTree = "<group>";
		};
		AD8895C123B2122D00347A6A /* Find Love */ = {
			isa = PBXGroup;
			children = (
				AD09E33B23D7066D00AAC162 /* Find Love.entitlements */,
				AD09E33C23D7647D00AAC162 /* GoogleService-Info.plist */,
				AD8895C223B2122D00347A6A /* AppDelegate.swift */,
				AD98E3D323C729B9003A6DA8 /* Main.storyboard */,
				AD26947023B6049100D49887 /* Extensions */,
				AD26946F23B6047B00D49887 /* Model */,
				AD26947123B606BA00D49887 /* View */,
				AD8895D823B2159F00347A6A /* Controllers */,
				AD8895CB23B2122F00347A6A /* LaunchScreen.storyboard */,
				AD8895CE23B2122F00347A6A /* Info.plist */,
				AD293CAC23BC1D530091808F /* Assets.xcassets */,
			);
			path = "Find Love";
			sourceTree = "<group>";
		};
		AD8895D823B2159F00347A6A /* Controllers */ = {
			isa = PBXGroup;
			children = (
				AD79AC0B23CDEB2600FA7D09 /* StartScreenVC */,
				AD79AC0C23CDEB9B00FA7D09 /* FeedScreenVC */,
				ADB8DECD23CA1987008D989E /* Messages */,
				AD5A563723BFC15A0032AB2A /* SearchVC.swift */,
				AD79AC0D23CDEC2C00FA7D09 /* GameVC.swift */,
				AD8895E723B293BE00347A6A /* MenuVC.swift */,
			);
			path = Controllers;
			sourceTree = "<group>";
		};
		AD8895D923B215BD00347A6A /* HelloVC */ = {
			isa = PBXGroup;
			children = (
				AD8895D423B2128C00347A6A /* HelloVC.swift */,
				AD8895D523B2128C00347A6A /* HelloVC.xib */,
			);
			path = HelloVC;
			sourceTree = "<group>";
		};
		AD8895DA23B215E800347A6A /* RegistrationVC */ = {
			isa = PBXGroup;
			children = (
				AD8895DB23B2162C00347A6A /* RegistrationVC.swift */,
				AD8895DC23B2162C00347A6A /* RegistrationVC.xib */,
			);
			path = RegistrationVC;
			sourceTree = "<group>";
		};
		AD8895DF23B21F1B00347A6A /* SingInVC */ = {
			isa = PBXGroup;
			children = (
				AD8895E023B21F5300347A6A /* SingInVC.swift */,
				AD8895E123B21F5300347A6A /* SingInVC.xib */,
			);
			path = SingInVC;
			sourceTree = "<group>";
		};
		ADB8079023D05AE800847897 /* OpenFeedPostView */ = {
			isa = PBXGroup;
			children = (
				ADB8079123D05B1300847897 /* OpenFeedPost.swift */,
				ADB8079323D05B2100847897 /* OpenFeedPost.xib */,
			);
			path = OpenFeedPostView;
			sourceTree = "<group>";
		};
		ADB8079B23D1ADC300847897 /* SendMessageView */ = {
			isa = PBXGroup;
			children = (
				ADB8079C23D1AE1200847897 /* SendMessageView.swift */,
				ADB8079E23D1AE1F00847897 /* SendMessageView.xib */,
			);
			path = SendMessageView;
			sourceTree = "<group>";
		};
		ADB8DECD23CA1987008D989E /* Messages */ = {
			isa = PBXGroup;
			children = (
				AD26946223B4FD2C00D49887 /* MessengerVC.swift */,
				ADB8DECE23CA1A15008D989E /* MessagesVC.swift */,
				ADB8DED023CA1A27008D989E /* ChatVC.swift */,
				ADB8DED923CCCBD0008D989E /* ChatWriteMessageVC.swift */,
				AD02EB2F23B7FDB500F472A5 /* NewMessageVC.swift */,
				AD26947223B67B8A00D49887 /* ChatLogVC.swift */,
			);
			path = Messages;
			sourceTree = "<group>";
		};
		ADB8DED623CB9970008D989E /* SelectChatCell */ = {
			isa = PBXGroup;
			children = (
				ADB8DED223CB9959008D989E /* SelectChatCell.swift */,
				ADB8DED323CB9959008D989E /* SelectChatCell.xib */,
			);
			path = SelectChatCell;
			sourceTree = "<group>";
		};
		ADBA195D23C49004009B45EC /* ReviewCVCell */ = {
			isa = PBXGroup;
			children = (
				ADBA195923C371E6009B45EC /* ReviewCVCell.swift */,
				ADBA195A23C371E6009B45EC /* ReviewCVCell.xib */,
			);
			name = ReviewCVCell;
			sourceTree = "<group>";
		};
		D6BAB27F39BA229C9E09A2CF /* Frameworks */ = {
			isa = PBXGroup;
			children = (
				BD710EB921D70B94626E4CDB /* Pods_Find_Love.framework */,
			);
			name = Frameworks;
			sourceTree = "<group>";
		};
/* End PBXGroup section */

/* Begin PBXNativeTarget section */
		AD8895BE23B2122D00347A6A /* Find Love */ = {
			isa = PBXNativeTarget;
			buildConfigurationList = AD8895D123B2122F00347A6A /* Build configuration list for PBXNativeTarget "Find Love" */;
			buildPhases = (
				2480F6DBD9740EC769B09B13 /* [CP] Check Pods Manifest.lock */,
				AD8895BB23B2122D00347A6A /* Sources */,
				AD8895BC23B2122D00347A6A /* Frameworks */,
				AD8895BD23B2122D00347A6A /* Resources */,
				C7E09B6B8B20ABCB56BBF623 /* [CP] Embed Pods Frameworks */,
			);
			buildRules = (
			);
			dependencies = (
			);
			name = "Find Love";
			productName = "Find Love";
			productReference = AD8895BF23B2122D00347A6A /* Find Love.app */;
			productType = "com.apple.product-type.application";
		};
/* End PBXNativeTarget section */

/* Begin PBXProject section */
		AD8895B723B2122D00347A6A /* Project object */ = {
			isa = PBXProject;
			attributes = {
				KnownAssetTags = (
					New,
				);
				LastSwiftUpdateCheck = 1010;
				LastUpgradeCheck = 1010;
				ORGANIZATIONNAME = Kaiserdem;
				TargetAttributes = {
					AD8895BE23B2122D00347A6A = {
						CreatedOnToolsVersion = 10.1;
						SystemCapabilities = {
							com.apple.BackgroundModes = {
								enabled = 1;
							};
							com.apple.Push = {
								enabled = 1;
							};
						};
					};
				};
			};
			buildConfigurationList = AD8895BA23B2122D00347A6A /* Build configuration list for PBXProject "Find Love" */;
			compatibilityVersion = "Xcode 9.3";
			developmentRegion = en;
			hasScannedForEncodings = 0;
			knownRegions = (
				en,
				Base,
			);
			mainGroup = AD8895B623B2122D00347A6A;
			productRefGroup = AD8895C023B2122D00347A6A /* Products */;
			projectDirPath = "";
			projectRoot = "";
			targets = (
				AD8895BE23B2122D00347A6A /* Find Love */,
			);
		};
/* End PBXProject section */

/* Begin PBXResourcesBuildPhase section */
		AD8895BD23B2122D00347A6A /* Resources */ = {
			isa = PBXResourcesBuildPhase;
			buildActionMask = 2147483647;
			files = (
				AD09E33D23D7647D00AAC162 /* GoogleService-Info.plist in Resources */,
				AD8895CD23B2122F00347A6A /* LaunchScreen.storyboard in Resources */,
				ADB8079423D05B2100847897 /* OpenFeedPost.xib in Resources */,
				AD8895D723B2128C00347A6A /* HelloVC.xib in Resources */,
				AD98E3D423C729B9003A6DA8 /* Main.storyboard in Resources */,
				AD8895E323B21F5300347A6A /* SingInVC.xib in Resources */,
				ADB8DED523CB9959008D989E /* SelectChatCell.xib in Resources */,
				AD5A563F23BFEB750032AB2A /* FeedCell.xib in Resources */,
				AD26946D23B6019200D49887 /* UserCell.xib in Resources */,
				ADB8079F23D1AE1F00847897 /* SendMessageView.xib in Resources */,
				AD8895DE23B2162C00347A6A /* RegistrationVC.xib in Resources */,
				ADBA195C23C371E6009B45EC /* ReviewCVCell.xib in Resources */,
				AD293CAD23BC1D530091808F /* Assets.xcassets in Resources */,
			);
			runOnlyForDeploymentPostprocessing = 0;
		};
/* End PBXResourcesBuildPhase section */

/* Begin PBXShellScriptBuildPhase section */
		2480F6DBD9740EC769B09B13 /* [CP] Check Pods Manifest.lock */ = {
			isa = PBXShellScriptBuildPhase;
			buildActionMask = 2147483647;
			files = (
			);
			inputFileListPaths = (
			);
			inputPaths = (
				"${PODS_PODFILE_DIR_PATH}/Podfile.lock",
				"${PODS_ROOT}/Manifest.lock",
			);
			name = "[CP] Check Pods Manifest.lock";
			outputFileListPaths = (
			);
			outputPaths = (
				"$(DERIVED_FILE_DIR)/Pods-Find Love-checkManifestLockResult.txt",
			);
			runOnlyForDeploymentPostprocessing = 0;
			shellPath = /bin/sh;
			shellScript = "diff \"${PODS_PODFILE_DIR_PATH}/Podfile.lock\" \"${PODS_ROOT}/Manifest.lock\" > /dev/null\nif [ $? != 0 ] ; then\n    # print error to STDERR\n    echo \"error: The sandbox is not in sync with the Podfile.lock. Run 'pod install' or update your CocoaPods installation.\" >&2\n    exit 1\nfi\n# This output is used by Xcode 'outputs' to avoid re-running this script phase.\necho \"SUCCESS\" > \"${SCRIPT_OUTPUT_FILE_0}\"\n";
			showEnvVarsInLog = 0;
		};
		C7E09B6B8B20ABCB56BBF623 /* [CP] Embed Pods Frameworks */ = {
			isa = PBXShellScriptBuildPhase;
			buildActionMask = 2147483647;
			files = (
			);
			inputFileListPaths = (
				"${PODS_ROOT}/Target Support Files/Pods-Find Love/Pods-Find Love-frameworks-${CONFIGURATION}-input-files.xcfilelist",
			);
			name = "[CP] Embed Pods Frameworks";
			outputFileListPaths = (
				"${PODS_ROOT}/Target Support Files/Pods-Find Love/Pods-Find Love-frameworks-${CONFIGURATION}-output-files.xcfilelist",
			);
			runOnlyForDeploymentPostprocessing = 0;
			shellPath = /bin/sh;
			shellScript = "\"${PODS_ROOT}/Target Support Files/Pods-Find Love/Pods-Find Love-frameworks.sh\"\n";
			showEnvVarsInLog = 0;
		};
/* End PBXShellScriptBuildPhase section */

/* Begin PBXSourcesBuildPhase section */
		AD8895BB23B2122D00347A6A /* Sources */ = {
			isa = PBXSourcesBuildPhase;
			buildActionMask = 2147483647;
			files = (
				AD26946923B5393B00D49887 /* Extension.swift in Sources */,
				ADB8079223D05B1300847897 /* OpenFeedPost.swift in Sources */,
				AD8895C323B2122D00347A6A /* AppDelegate.swift in Sources */,
				ADB8DECF23CA1A15008D989E /* MessagesVC.swift in Sources */,
				ADB8DED823CC7D11008D989E /* Group.swift in Sources */,
				AD5A563E23BFEB750032AB2A /* FeedCell.swift in Sources */,
				AD8895DD23B2162C00347A6A /* RegistrationVC.swift in Sources */,
				AD8895E223B21F5300347A6A /* SingInVC.swift in Sources */,
				ADB8079A23D19DC600847897 /* ReplyToFeedPostVC.swift in Sources */,
				AD26947323B67B8A00D49887 /* ChatLogVC.swift in Sources */,
				AD26BE8C23C0CB2500EF1418 /* NewFeedPostVC.swift in Sources */,
				ADBA195B23C371E6009B45EC /* ReviewCVCell.swift in Sources */,
				AD26946323B4FD2C00D49887 /* MessengerVC.swift in Sources */,
				AD8895D623B2128C00347A6A /* HelloVC.swift in Sources */,
				ADB8DEDA23CCCBD0008D989E /* ChatWriteMessageVC.swift in Sources */,
				ADB8DED123CA1A27008D989E /* ChatVC.swift in Sources */,
				AD5A563923BFC15A0032AB2A /* SearchVC.swift in Sources */,
				ADB8079D23D1AE1200847897 /* SendMessageView.swift in Sources */,
				AD26946723B538A500D49887 /* Message.swift in Sources */,
				AD8895E923B293BE00347A6A /* MenuVC.swift in Sources */,
				ADB8DED423CB9959008D989E /* SelectChatCell.swift in Sources */,
				AD79AC0E23CDEC2C00FA7D09 /* GameVC.swift in Sources */,
				AD02EB2823B793BB00F472A5 /* ChatMessageCell.swift in Sources */,
				AD46C9E923D9E22400FC7002 /* ChatCell.swift in Sources */,
				ADBA195623C2A41C009B45EC /* ExtensionUIView.swift in Sources */,
				AD26946C23B6019200D49887 /* UserCell.swift in Sources */,
				AD5A563423BFBFCD0032AB2A /* FeedVC.swift in Sources */,
				AD26BE8E23C0D47700EF1418 /* Post.swift in Sources */,
				AD02EB3123B7FDB500F472A5 /* NewMessageVC.swift in Sources */,
				AD26946523B4FF8100D49887 /* User.swift in Sources */,
			);
			runOnlyForDeploymentPostprocessing = 0;
		};
/* End PBXSourcesBuildPhase section */

/* Begin PBXVariantGroup section */
		AD8895CB23B2122F00347A6A /* LaunchScreen.storyboard */ = {
			isa = PBXVariantGroup;
			children = (
				AD8895CC23B2122F00347A6A /* Base */,
			);
			name = LaunchScreen.storyboard;
			sourceTree = "<group>";
		};
/* End PBXVariantGroup section */

/* Begin XCBuildConfiguration section */
		AD8895CF23B2122F00347A6A /* Debug */ = {
			isa = XCBuildConfiguration;
			buildSettings = {
				ALWAYS_SEARCH_USER_PATHS = NO;
				CLANG_ANALYZER_NONNULL = YES;
				CLANG_ANALYZER_NUMBER_OBJECT_CONVERSION = YES_AGGRESSIVE;
				CLANG_CXX_LANGUAGE_STANDARD = "gnu++14";
				CLANG_CXX_LIBRARY = "libc++";
				CLANG_ENABLE_MODULES = YES;
				CLANG_ENABLE_OBJC_ARC = YES;
				CLANG_ENABLE_OBJC_WEAK = YES;
				CLANG_WARN_BLOCK_CAPTURE_AUTORELEASING = YES;
				CLANG_WARN_BOOL_CONVERSION = YES;
				CLANG_WARN_COMMA = YES;
				CLANG_WARN_CONSTANT_CONVERSION = YES;
				CLANG_WARN_DEPRECATED_OBJC_IMPLEMENTATIONS = YES;
				CLANG_WARN_DIRECT_OBJC_ISA_USAGE = YES_ERROR;
				CLANG_WARN_DOCUMENTATION_COMMENTS = YES;
				CLANG_WARN_EMPTY_BODY = YES;
				CLANG_WARN_ENUM_CONVERSION = YES;
				CLANG_WARN_INFINITE_RECURSION = YES;
				CLANG_WARN_INT_CONVERSION = YES;
				CLANG_WARN_NON_LITERAL_NULL_CONVERSION = YES;
				CLANG_WARN_OBJC_IMPLICIT_RETAIN_SELF = YES;
				CLANG_WARN_OBJC_LITERAL_CONVERSION = YES;
				CLANG_WARN_OBJC_ROOT_CLASS = YES_ERROR;
				CLANG_WARN_RANGE_LOOP_ANALYSIS = YES;
				CLANG_WARN_STRICT_PROTOTYPES = YES;
				CLANG_WARN_SUSPICIOUS_MOVE = YES;
				CLANG_WARN_UNGUARDED_AVAILABILITY = YES_AGGRESSIVE;
				CLANG_WARN_UNREACHABLE_CODE = YES;
				CLANG_WARN__DUPLICATE_METHOD_MATCH = YES;
				CODE_SIGN_IDENTITY = "iPhone Developer";
				COPY_PHASE_STRIP = NO;
				DEBUG_INFORMATION_FORMAT = dwarf;
				ENABLE_STRICT_OBJC_MSGSEND = YES;
				ENABLE_TESTABILITY = YES;
				GCC_C_LANGUAGE_STANDARD = gnu11;
				GCC_DYNAMIC_NO_PIC = NO;
				GCC_NO_COMMON_BLOCKS = YES;
				GCC_OPTIMIZATION_LEVEL = 0;
				GCC_PREPROCESSOR_DEFINITIONS = (
					"DEBUG=1",
					"$(inherited)",
				);
				GCC_WARN_64_TO_32_BIT_CONVERSION = YES;
				GCC_WARN_ABOUT_RETURN_TYPE = YES_ERROR;
				GCC_WARN_UNDECLARED_SELECTOR = YES;
				GCC_WARN_UNINITIALIZED_AUTOS = YES_AGGRESSIVE;
				GCC_WARN_UNUSED_FUNCTION = YES;
				GCC_WARN_UNUSED_VARIABLE = YES;
				IPHONEOS_DEPLOYMENT_TARGET = 12.1;
				MTL_ENABLE_DEBUG_INFO = INCLUDE_SOURCE;
				MTL_FAST_MATH = YES;
				ONLY_ACTIVE_ARCH = YES;
				SDKROOT = iphoneos;
				SWIFT_ACTIVE_COMPILATION_CONDITIONS = DEBUG;
				SWIFT_OPTIMIZATION_LEVEL = "-Onone";
			};
			name = Debug;
		};
		AD8895D023B2122F00347A6A /* Release */ = {
			isa = XCBuildConfiguration;
			buildSettings = {
				ALWAYS_SEARCH_USER_PATHS = NO;
				CLANG_ANALYZER_NONNULL = YES;
				CLANG_ANALYZER_NUMBER_OBJECT_CONVERSION = YES_AGGRESSIVE;
				CLANG_CXX_LANGUAGE_STANDARD = "gnu++14";
				CLANG_CXX_LIBRARY = "libc++";
				CLANG_ENABLE_MODULES = YES;
				CLANG_ENABLE_OBJC_ARC = YES;
				CLANG_ENABLE_OBJC_WEAK = YES;
				CLANG_WARN_BLOCK_CAPTURE_AUTORELEASING = YES;
				CLANG_WARN_BOOL_CONVERSION = YES;
				CLANG_WARN_COMMA = YES;
				CLANG_WARN_CONSTANT_CONVERSION = YES;
				CLANG_WARN_DEPRECATED_OBJC_IMPLEMENTATIONS = YES;
				CLANG_WARN_DIRECT_OBJC_ISA_USAGE = YES_ERROR;
				CLANG_WARN_DOCUMENTATION_COMMENTS = YES;
				CLANG_WARN_EMPTY_BODY = YES;
				CLANG_WARN_ENUM_CONVERSION = YES;
				CLANG_WARN_INFINITE_RECURSION = YES;
				CLANG_WARN_INT_CONVERSION = YES;
				CLANG_WARN_NON_LITERAL_NULL_CONVERSION = YES;
				CLANG_WARN_OBJC_IMPLICIT_RETAIN_SELF = YES;
				CLANG_WARN_OBJC_LITERAL_CONVERSION = YES;
				CLANG_WARN_OBJC_ROOT_CLASS = YES_ERROR;
				CLANG_WARN_RANGE_LOOP_ANALYSIS = YES;
				CLANG_WARN_STRICT_PROTOTYPES = YES;
				CLANG_WARN_SUSPICIOUS_MOVE = YES;
				CLANG_WARN_UNGUARDED_AVAILABILITY = YES_AGGRESSIVE;
				CLANG_WARN_UNREACHABLE_CODE = YES;
				CLANG_WARN__DUPLICATE_METHOD_MATCH = YES;
				CODE_SIGN_IDENTITY = "iPhone Developer";
				COPY_PHASE_STRIP = NO;
				DEBUG_INFORMATION_FORMAT = "dwarf-with-dsym";
				ENABLE_NS_ASSERTIONS = NO;
				ENABLE_STRICT_OBJC_MSGSEND = YES;
				GCC_C_LANGUAGE_STANDARD = gnu11;
				GCC_NO_COMMON_BLOCKS = YES;
				GCC_WARN_64_TO_32_BIT_CONVERSION = YES;
				GCC_WARN_ABOUT_RETURN_TYPE = YES_ERROR;
				GCC_WARN_UNDECLARED_SELECTOR = YES;
				GCC_WARN_UNINITIALIZED_AUTOS = YES_AGGRESSIVE;
				GCC_WARN_UNUSED_FUNCTION = YES;
				GCC_WARN_UNUSED_VARIABLE = YES;
				IPHONEOS_DEPLOYMENT_TARGET = 12.1;
				MTL_ENABLE_DEBUG_INFO = NO;
				MTL_FAST_MATH = YES;
				SDKROOT = iphoneos;
				SWIFT_COMPILATION_MODE = wholemodule;
				SWIFT_OPTIMIZATION_LEVEL = "-O";
				VALIDATE_PRODUCT = YES;
			};
			name = Release;
		};
		AD8895D223B2122F00347A6A /* Debug */ = {
			isa = XCBuildConfiguration;
			baseConfigurationReference = 09A7F9FC8CF0F1991ED38035 /* Pods-Find Love.debug.xcconfig */;
			buildSettings = {
				ASSETCATALOG_COMPILER_APPICON_NAME = AppIcon;
				CODE_SIGN_ENTITLEMENTS = "Find Love/Find Love.entitlements";
				CODE_SIGN_IDENTITY = "iPhone Developer";
				CODE_SIGN_STYLE = Manual;
				DEVELOPMENT_TEAM = 7729HYB5LH;
				INFOPLIST_FILE = "Find Love/Info.plist";
				LD_RUNPATH_SEARCH_PATHS = (
					"$(inherited)",
					"@executable_path/Frameworks",
				);
				PRODUCT_BUNDLE_IDENTIFIER = com.kaiserdem.FindLove;
				PRODUCT_NAME = "$(TARGET_NAME)";
				PROVISIONING_PROFILE_SPECIFIER = FindLoveProfileDev;
				SWIFT_VERSION = 4.2;
				TARGETED_DEVICE_FAMILY = "1,2";
			};
			name = Debug;
		};
		AD8895D323B2122F00347A6A /* Release */ = {
			isa = XCBuildConfiguration;
			baseConfigurationReference = D462102E429A663397EBDFE0 /* Pods-Find Love.release.xcconfig */;
			buildSettings = {
				ASSETCATALOG_COMPILER_APPICON_NAME = AppIcon;
				CODE_SIGN_ENTITLEMENTS = "Find Love/Find Love.entitlements";
				CODE_SIGN_IDENTITY = "iPhone Developer";
				CODE_SIGN_STYLE = Manual;
				DEVELOPMENT_TEAM = 7729HYB5LH;
				INFOPLIST_FILE = "Find Love/Info.plist";
				LD_RUNPATH_SEARCH_PATHS = (
					"$(inherited)",
					"@executable_path/Frameworks",
				);
				PRODUCT_BUNDLE_IDENTIFIER = com.kaiserdem.FindLove;
				PRODUCT_NAME = "$(TARGET_NAME)";
				PROVISIONING_PROFILE_SPECIFIER = FindLoveProfileDev;
				SWIFT_VERSION = 4.2;
				TARGETED_DEVICE_FAMILY = "1,2";
			};
			name = Release;
		};
/* End XCBuildConfiguration section */

/* Begin XCConfigurationList section */
		AD8895BA23B2122D00347A6A /* Build configuration list for PBXProject "Find Love" */ = {
			isa = XCConfigurationList;
			buildConfigurations = (
				AD8895CF23B2122F00347A6A /* Debug */,
				AD8895D023B2122F00347A6A /* Release */,
			);
			defaultConfigurationIsVisible = 0;
			defaultConfigurationName = Release;
		};
		AD8895D123B2122F00347A6A /* Build configuration list for PBXNativeTarget "Find Love" */ = {
			isa = XCConfigurationList;
			buildConfigurations = (
				AD8895D223B2122F00347A6A /* Debug */,
				AD8895D323B2122F00347A6A /* Release */,
			);
			defaultConfigurationIsVisible = 0;
			defaultConfigurationName = Release;
		};
/* End XCConfigurationList section */
	};
	rootObject = AD8895B723B2122D00347A6A /* Project object */;
}
